
Microsoft Visual Studio Solution File, Format Version 12.00
# Visual Studio Version 17
VisualStudioVersion = 17.0.31903.59
MinimumVisualStudioVersion = 10.0.40219.1
Project("{FAE04EC0-301F-11D3-BF4B-00C04F79EFBC}") = "Kjac.SearchProvider.Algolia", "Kjac.SearchProvider.Algolia\Kjac.SearchProvider.Algolia.csproj", "{62340DD9-8ACF-4C2B-A28A-EDBC246C3DA7}"
EndProject
Project("{2150E333-8FDC-42A3-9474-1A3956D46DE8}") = "Solution Items", "Solution Items", "{7A269165-7377-4F31-8623-FAD9561E08A4}"
	ProjectSection(SolutionItems) = preProject
		..\.gitignore = ..\.gitignore
		..\README.md = ..\README.md
		global.json = global.json
	EndProjectSection
EndProject
Project("{FAE04EC0-301F-11D3-BF4B-00C04F79EFBC}") = "Kjac.SearchProvider.Algolia.Site", "Kjac.SearchProvider.Algolia.Site\Kjac.SearchProvider.Algolia.Site.csproj", "{227B7A63-46A4-4C6F-80DA-ED0B8B83149E}"
EndProject
Project("{FAE04EC0-301F-11D3-BF4B-00C04F79EFBC}") = "Kjac.SearchProvider.Algolia.Tests", "Kjac.SearchProvider.Algolia.Tests\Kjac.SearchProvider.Algolia.Tests.csproj", "{92478C2B-1E14-4AA2-99CE-2EB029A9CFCA}"
EndProject
Global
	GlobalSection(SolutionConfigurationPlatforms) = preSolution
		Debug|Any CPU = Debug|Any CPU
		Release|Any CPU = Release|Any CPU
	EndGlobalSection
	GlobalSection(SolutionProperties) = preSolution
		HideSolutionNode = FALSE
	EndGlobalSection
	GlobalSection(ProjectConfigurationPlatforms) = postSolution
		{62340DD9-8ACF-4C2B-A28A-EDBC246C3DA7}.Debug|Any CPU.ActiveCfg = Debug|Any CPU
		{62340DD9-8ACF-4C2B-A28A-EDBC246C3DA7}.Debug|Any CPU.Build.0 = Debug|Any CPU
		{62340DD9-8ACF-4C2B-A28A-EDBC246C3DA7}.Release|Any CPU.ActiveCfg = Release|Any CPU
		{62340DD9-8ACF-4C2B-A28A-EDBC246C3DA7}.Release|Any CPU.Build.0 = Release|Any CPU
		{227B7A63-46A4-4C6F-80DA-ED0B8B83149E}.Debug|Any CPU.ActiveCfg = Debug|Any CPU
		{227B7A63-46A4-4C6F-80DA-ED0B8B83149E}.Debug|Any CPU.Build.0 = Debug|Any CPU
		{227B7A63-46A4-4C6F-80DA-ED0B8B83149E}.Release|Any CPU.ActiveCfg = Release|Any CPU
		{227B7A63-46A4-4C6F-80DA-ED0B8B83149E}.Release|Any CPU.Build.0 = Release|Any CPU
		{92478C2B-1E14-4AA2-99CE-2EB029A9CFCA}.Debug|Any CPU.ActiveCfg = Debug|Any CPU
		{92478C2B-1E14-4AA2-99CE-2EB029A9CFCA}.Debug|Any CPU.Build.0 = Debug|Any CPU
		{92478C2B-1E14-4AA2-99CE-2EB029A9CFCA}.Release|Any CPU.ActiveCfg = Release|Any CPU
		{92478C2B-1E14-4AA2-99CE-2EB029A9CFCA}.Release|Any CPU.Build.0 = Release|Any CPU
	EndGlobalSection
EndGlobal
